// !$*UTF8*$!
{
	archiveVersion = 1;
	classes = {
	};
	objectVersion = 50;
	objects = {

/* Begin PBXBuildFile section */
		073BB891F2A22F7593C7E705 /* Pods_Totorial_all_Tutorial_RIBs_CodeGeneration.framework in Frameworks */ = {isa = PBXBuildFile; fileRef = 009B1A59553CBBB260107302 /* Pods_Totorial_all_Tutorial_RIBs_CodeGeneration.framework */; };
		1407C2AF218D16380058CED8 /* RuntimeHelper.swift in Sources */ = {isa = PBXBuildFile; fileRef = 1407C2AE218D16380058CED8 /* RuntimeHelper.swift */; };
		1407C2B2218D16430058CED8 /* TestSpec.swift in Sources */ = {isa = PBXBuildFile; fileRef = 1407C2B1218D16430058CED8 /* TestSpec.swift */; };
		140EEEA5218E6084007693C7 /* RootRouterSpec.swift in Sources */ = {isa = PBXBuildFile; fileRef = 140EEEA4218E6084007693C7 /* RootRouterSpec.swift */; };
		140EEEA7218E61A5007693C7 /* RootInteractorSpec.swift in Sources */ = {isa = PBXBuildFile; fileRef = 140EEEA6218E61A5007693C7 /* RootInteractorSpec.swift */; };
		140EEEAA218E6209007693C7 /* SplashRouterSpec.swift in Sources */ = {isa = PBXBuildFile; fileRef = 140EEEA9218E6209007693C7 /* SplashRouterSpec.swift */; };
		140EEEAC218E624B007693C7 /* SplashInteractorSpec.swift in Sources */ = {isa = PBXBuildFile; fileRef = 140EEEAB218E624B007693C7 /* SplashInteractorSpec.swift */; };
		1465EBA6218E4045007C5201 /* RootRouter.swift in Sources */ = {isa = PBXBuildFile; fileRef = 1465EBA2218E4045007C5201 /* RootRouter.swift */; };
		1465EBA7218E4045007C5201 /* RootViewController.swift in Sources */ = {isa = PBXBuildFile; fileRef = 1465EBA3218E4045007C5201 /* RootViewController.swift */; };
		1465EBA8218E4045007C5201 /* RootBuilder.swift in Sources */ = {isa = PBXBuildFile; fileRef = 1465EBA4218E4045007C5201 /* RootBuilder.swift */; };
		1465EBA9218E4045007C5201 /* RootInteractor.swift in Sources */ = {isa = PBXBuildFile; fileRef = 1465EBA5218E4045007C5201 /* RootInteractor.swift */; };
		1465EBAF218E4FE1007C5201 /* SplashRouter.swift in Sources */ = {isa = PBXBuildFile; fileRef = 1465EBAB218E4FE1007C5201 /* SplashRouter.swift */; };
		1465EBB0218E4FE1007C5201 /* SplashViewController.swift in Sources */ = {isa = PBXBuildFile; fileRef = 1465EBAC218E4FE1007C5201 /* SplashViewController.swift */; };
		1465EBB1218E4FE1007C5201 /* SplashBuilder.swift in Sources */ = {isa = PBXBuildFile; fileRef = 1465EBAD218E4FE1007C5201 /* SplashBuilder.swift */; };
		1465EBB2218E4FE1007C5201 /* SplashInteractor.swift in Sources */ = {isa = PBXBuildFile; fileRef = 1465EBAE218E4FE1007C5201 /* SplashInteractor.swift */; };
		147986C4218A65A10094B3DA /* AppDelegate.swift in Sources */ = {isa = PBXBuildFile; fileRef = 147986C3218A65A10094B3DA /* AppDelegate.swift */; };
		147986C6218A65A10094B3DA /* ViewController.swift in Sources */ = {isa = PBXBuildFile; fileRef = 147986C5218A65A10094B3DA /* ViewController.swift */; };
		147986CB218A65A30094B3DA /* Assets.xcassets in Resources */ = {isa = PBXBuildFile; fileRef = 147986CA218A65A30094B3DA /* Assets.xcassets */; };
		147986CE218A65A30094B3DA /* LaunchScreen.storyboard in Resources */ = {isa = PBXBuildFile; fileRef = 147986CC218A65A30094B3DA /* LaunchScreen.storyboard */; };
		9AFF587F9C7214DB521E4418 /* Pods_Totorial_all_Tutorial_RIBs_CodeGenerationTests.framework in Frameworks */ = {isa = PBXBuildFile; fileRef = 53FE51B2A26B4927DD919714 /* Pods_Totorial_all_Tutorial_RIBs_CodeGenerationTests.framework */; };
/* End PBXBuildFile section */

/* Begin PBXContainerItemProxy section */
		147986D5218A65A30094B3DA /* PBXContainerItemProxy */ = {
			isa = PBXContainerItemProxy;
			containerPortal = 147986B8218A65A10094B3DA /* Project object */;
			proxyType = 1;
			remoteGlobalIDString = 147986BF218A65A10094B3DA;
			remoteInfo = Tutorial_RIBs_CodeGeneration;
		};
/* End PBXContainerItemProxy section */

/* Begin PBXFileReference section */
		009B1A59553CBBB260107302 /* Pods_Totorial_all_Tutorial_RIBs_CodeGeneration.framework */ = {isa = PBXFileReference; explicitFileType = wrapper.framework; includeInIndex = 0; path = Pods_Totorial_all_Tutorial_RIBs_CodeGeneration.framework; sourceTree = BUILT_PRODUCTS_DIR; };
		1407C2AE218D16380058CED8 /* RuntimeHelper.swift */ = {isa = PBXFileReference; fileEncoding = 4; lastKnownFileType = sourcecode.swift; path = RuntimeHelper.swift; sourceTree = "<group>"; };
		1407C2B1218D16430058CED8 /* TestSpec.swift */ = {isa = PBXFileReference; fileEncoding = 4; lastKnownFileType = sourcecode.swift; path = TestSpec.swift; sourceTree = "<group>"; };
		140EEEA4218E6084007693C7 /* RootRouterSpec.swift */ = {isa = PBXFileReference; lastKnownFileType = sourcecode.swift; path = RootRouterSpec.swift; sourceTree = "<group>"; };
		140EEEA6218E61A5007693C7 /* RootInteractorSpec.swift */ = {isa = PBXFileReference; lastKnownFileType = sourcecode.swift; path = RootInteractorSpec.swift; sourceTree = "<group>"; };
		140EEEA9218E6209007693C7 /* SplashRouterSpec.swift */ = {isa = PBXFileReference; lastKnownFileType = sourcecode.swift; path = SplashRouterSpec.swift; sourceTree = "<group>"; };
		140EEEAB218E624B007693C7 /* SplashInteractorSpec.swift */ = {isa = PBXFileReference; lastKnownFileType = sourcecode.swift; path = SplashInteractorSpec.swift; sourceTree = "<group>"; };
		1465EBA2218E4045007C5201 /* RootRouter.swift */ = {isa = PBXFileReference; lastKnownFileType = sourcecode.swift; path = RootRouter.swift; sourceTree = "<group>"; };
		1465EBA3218E4045007C5201 /* RootViewController.swift */ = {isa = PBXFileReference; lastKnownFileType = sourcecode.swift; path = RootViewController.swift; sourceTree = "<group>"; };
		1465EBA4218E4045007C5201 /* RootBuilder.swift */ = {isa = PBXFileReference; lastKnownFileType = sourcecode.swift; path = RootBuilder.swift; sourceTree = "<group>"; };
		1465EBA5218E4045007C5201 /* RootInteractor.swift */ = {isa = PBXFileReference; lastKnownFileType = sourcecode.swift; path = RootInteractor.swift; sourceTree = "<group>"; };
		1465EBAB218E4FE1007C5201 /* SplashRouter.swift */ = {isa = PBXFileReference; lastKnownFileType = sourcecode.swift; path = SplashRouter.swift; sourceTree = "<group>"; };
		1465EBAC218E4FE1007C5201 /* SplashViewController.swift */ = {isa = PBXFileReference; lastKnownFileType = sourcecode.swift; path = SplashViewController.swift; sourceTree = "<group>"; };
		1465EBAD218E4FE1007C5201 /* SplashBuilder.swift */ = {isa = PBXFileReference; lastKnownFileType = sourcecode.swift; path = SplashBuilder.swift; sourceTree = "<group>"; };
		1465EBAE218E4FE1007C5201 /* SplashInteractor.swift */ = {isa = PBXFileReference; lastKnownFileType = sourcecode.swift; path = SplashInteractor.swift; sourceTree = "<group>"; };
		147986C0218A65A10094B3DA /* Tutorial_RIBs_CodeGeneration.app */ = {isa = PBXFileReference; explicitFileType = wrapper.application; includeInIndex = 0; path = Tutorial_RIBs_CodeGeneration.app; sourceTree = BUILT_PRODUCTS_DIR; };
		147986C3218A65A10094B3DA /* AppDelegate.swift */ = {isa = PBXFileReference; lastKnownFileType = sourcecode.swift; path = AppDelegate.swift; sourceTree = "<group>"; };
		147986C5218A65A10094B3DA /* ViewController.swift */ = {isa = PBXFileReference; lastKnownFileType = sourcecode.swift; path = ViewController.swift; sourceTree = "<group>"; };
		147986CA218A65A30094B3DA /* Assets.xcassets */ = {isa = PBXFileReference; lastKnownFileType = folder.assetcatalog; path = Assets.xcassets; sourceTree = "<group>"; };
		147986CD218A65A30094B3DA /* Base */ = {isa = PBXFileReference; lastKnownFileType = file.storyboard; name = Base; path = Base.lproj/LaunchScreen.storyboard; sourceTree = "<group>"; };
		147986CF218A65A30094B3DA /* Info.plist */ = {isa = PBXFileReference; lastKnownFileType = text.plist.xml; path = Info.plist; sourceTree = "<group>"; };
		147986D4218A65A30094B3DA /* Tutorial_RIBs_CodeGenerationTests.xctest */ = {isa = PBXFileReference; explicitFileType = wrapper.cfbundle; includeInIndex = 0; path = Tutorial_RIBs_CodeGenerationTests.xctest; sourceTree = BUILT_PRODUCTS_DIR; };
		147986DA218A65A30094B3DA /* Info.plist */ = {isa = PBXFileReference; lastKnownFileType = text.plist.xml; path = Info.plist; sourceTree = "<group>"; };
		1A571AF23699E66233F73483 /* Pods-Totorial_all-Tutorial_RIBs_CodeGenerationTests.release.xcconfig */ = {isa = PBXFileReference; includeInIndex = 1; lastKnownFileType = text.xcconfig; name = "Pods-Totorial_all-Tutorial_RIBs_CodeGenerationTests.release.xcconfig"; path = "Target Support Files/Pods-Totorial_all-Tutorial_RIBs_CodeGenerationTests/Pods-Totorial_all-Tutorial_RIBs_CodeGenerationTests.release.xcconfig"; sourceTree = "<group>"; };
		53FE51B2A26B4927DD919714 /* Pods_Totorial_all_Tutorial_RIBs_CodeGenerationTests.framework */ = {isa = PBXFileReference; explicitFileType = wrapper.framework; includeInIndex = 0; path = Pods_Totorial_all_Tutorial_RIBs_CodeGenerationTests.framework; sourceTree = BUILT_PRODUCTS_DIR; };
		B3AE818D5765C64D0318EA76 /* Pods-Totorial_all-Tutorial_RIBs_CodeGenerationTests.debug.xcconfig */ = {isa = PBXFileReference; includeInIndex = 1; lastKnownFileType = text.xcconfig; name = "Pods-Totorial_all-Tutorial_RIBs_CodeGenerationTests.debug.xcconfig"; path = "Target Support Files/Pods-Totorial_all-Tutorial_RIBs_CodeGenerationTests/Pods-Totorial_all-Tutorial_RIBs_CodeGenerationTests.debug.xcconfig"; sourceTree = "<group>"; };
		BEE0577310E663D59E493C16 /* Pods-Totorial_all-Tutorial_RIBs_CodeGeneration.release.xcconfig */ = {isa = PBXFileReference; includeInIndex = 1; lastKnownFileType = text.xcconfig; name = "Pods-Totorial_all-Tutorial_RIBs_CodeGeneration.release.xcconfig"; path = "Target Support Files/Pods-Totorial_all-Tutorial_RIBs_CodeGeneration/Pods-Totorial_all-Tutorial_RIBs_CodeGeneration.release.xcconfig"; sourceTree = "<group>"; };
		CA345E159A268E289D6F235F /* Pods-Totorial_all-Tutorial_RIBs_CodeGeneration.debug.xcconfig */ = {isa = PBXFileReference; includeInIndex = 1; lastKnownFileType = text.xcconfig; name = "Pods-Totorial_all-Tutorial_RIBs_CodeGeneration.debug.xcconfig"; path = "Target Support Files/Pods-Totorial_all-Tutorial_RIBs_CodeGeneration/Pods-Totorial_all-Tutorial_RIBs_CodeGeneration.debug.xcconfig"; sourceTree = "<group>"; };
/* End PBXFileReference section */

/* Begin PBXFrameworksBuildPhase section */
		147986BD218A65A10094B3DA /* Frameworks */ = {
			isa = PBXFrameworksBuildPhase;
			buildActionMask = 2147483647;
			files = (
				073BB891F2A22F7593C7E705 /* Pods_Totorial_all_Tutorial_RIBs_CodeGeneration.framework in Frameworks */,
			);
			runOnlyForDeploymentPostprocessing = 0;
		};
		147986D1218A65A30094B3DA /* Frameworks */ = {
			isa = PBXFrameworksBuildPhase;
			buildActionMask = 2147483647;
			files = (
				9AFF587F9C7214DB521E4418 /* Pods_Totorial_all_Tutorial_RIBs_CodeGenerationTests.framework in Frameworks */,
			);
			runOnlyForDeploymentPostprocessing = 0;
		};
/* End PBXFrameworksBuildPhase section */

/* Begin PBXGroup section */
		1407C2AD218D16380058CED8 /* Utility */ = {
			isa = PBXGroup;
			children = (
				1407C2AE218D16380058CED8 /* RuntimeHelper.swift */,
			);
			path = Utility;
			sourceTree = "<group>";
		};
		1407C2B0218D16430058CED8 /* TestUtility */ = {
			isa = PBXGroup;
			children = (
				1407C2B1218D16430058CED8 /* TestSpec.swift */,
			);
			path = TestUtility;
			sourceTree = "<group>";
		};
		140EEEA3218E6074007693C7 /* Root */ = {
			isa = PBXGroup;
			children = (
				140EEEA4218E6084007693C7 /* RootRouterSpec.swift */,
				140EEEA6218E61A5007693C7 /* RootInteractorSpec.swift */,
			);
			path = Root;
			sourceTree = "<group>";
		};
		140EEEA8218E61F8007693C7 /* Splash */ = {
			isa = PBXGroup;
			children = (
				140EEEA9218E6209007693C7 /* SplashRouterSpec.swift */,
				140EEEAB218E624B007693C7 /* SplashInteractorSpec.swift */,
			);
			path = Splash;
			sourceTree = "<group>";
		};
		1465EBA1218E4001007C5201 /* Root */ = {
			isa = PBXGroup;
			children = (
				1465EBA2218E4045007C5201 /* RootRouter.swift */,
				1465EBA3218E4045007C5201 /* RootViewController.swift */,
				1465EBA4218E4045007C5201 /* RootBuilder.swift */,
				1465EBA5218E4045007C5201 /* RootInteractor.swift */,
			);
			path = Root;
			sourceTree = "<group>";
		};
		1465EBAA218E4FCD007C5201 /* Splash */ = {
			isa = PBXGroup;
			children = (
				1465EBAB218E4FE1007C5201 /* SplashRouter.swift */,
				1465EBAC218E4FE1007C5201 /* SplashViewController.swift */,
				1465EBAD218E4FE1007C5201 /* SplashBuilder.swift */,
				1465EBAE218E4FE1007C5201 /* SplashInteractor.swift */,
			);
			path = Splash;
			sourceTree = "<group>";
		};
		147986B7218A65A10094B3DA = {
			isa = PBXGroup;
			children = (
				147986C2218A65A10094B3DA /* Tutorial_RIBs_CodeGeneration */,
				147986D7218A65A30094B3DA /* Tutorial_RIBs_CodeGenerationTests */,
				147986C1218A65A10094B3DA /* Products */,
				CC0A147EDB7F3B8C53741E71 /* Pods */,
				8C16DE705563C6E23E5566F3 /* Frameworks */,
			);
			sourceTree = "<group>";
		};
		147986C1218A65A10094B3DA /* Products */ = {
			isa = PBXGroup;
			children = (
				147986C0218A65A10094B3DA /* Tutorial_RIBs_CodeGeneration.app */,
				147986D4218A65A30094B3DA /* Tutorial_RIBs_CodeGenerationTests.xctest */,
			);
			name = Products;
			sourceTree = "<group>";
		};
		147986C2218A65A10094B3DA /* Tutorial_RIBs_CodeGeneration */ = {
			isa = PBXGroup;
			children = (
				1465EBA1218E4001007C5201 /* Root */,
				1465EBAA218E4FCD007C5201 /* Splash */,
				1407C2AD218D16380058CED8 /* Utility */,
				147986C3218A65A10094B3DA /* AppDelegate.swift */,
				147986C5218A65A10094B3DA /* ViewController.swift */,
				147986CA218A65A30094B3DA /* Assets.xcassets */,
				147986CC218A65A30094B3DA /* LaunchScreen.storyboard */,
				147986CF218A65A30094B3DA /* Info.plist */,
			);
			path = Tutorial_RIBs_CodeGeneration;
			sourceTree = "<group>";
		};
		147986D7218A65A30094B3DA /* Tutorial_RIBs_CodeGenerationTests */ = {
			isa = PBXGroup;
			children = (
				140EEEA3218E6074007693C7 /* Root */,
				140EEEA8218E61F8007693C7 /* Splash */,
				1407C2B0218D16430058CED8 /* TestUtility */,
				147986DA218A65A30094B3DA /* Info.plist */,
			);
			path = Tutorial_RIBs_CodeGenerationTests;
			sourceTree = "<group>";
		};
		8C16DE705563C6E23E5566F3 /* Frameworks */ = {
			isa = PBXGroup;
			children = (
				009B1A59553CBBB260107302 /* Pods_Totorial_all_Tutorial_RIBs_CodeGeneration.framework */,
				53FE51B2A26B4927DD919714 /* Pods_Totorial_all_Tutorial_RIBs_CodeGenerationTests.framework */,
			);
			name = Frameworks;
			sourceTree = "<group>";
		};
		CC0A147EDB7F3B8C53741E71 /* Pods */ = {
			isa = PBXGroup;
			children = (
				CA345E159A268E289D6F235F /* Pods-Totorial_all-Tutorial_RIBs_CodeGeneration.debug.xcconfig */,
				BEE0577310E663D59E493C16 /* Pods-Totorial_all-Tutorial_RIBs_CodeGeneration.release.xcconfig */,
				B3AE818D5765C64D0318EA76 /* Pods-Totorial_all-Tutorial_RIBs_CodeGenerationTests.debug.xcconfig */,
				1A571AF23699E66233F73483 /* Pods-Totorial_all-Tutorial_RIBs_CodeGenerationTests.release.xcconfig */,
			);
			path = Pods;
			sourceTree = "<group>";
		};
/* End PBXGroup section */

/* Begin PBXNativeTarget section */
		147986BF218A65A10094B3DA /* Tutorial_RIBs_CodeGeneration */ = {
			isa = PBXNativeTarget;
			buildConfigurationList = 147986DD218A65A30094B3DA /* Build configuration list for PBXNativeTarget "Tutorial_RIBs_CodeGeneration" */;
			buildPhases = (
				441266FA0B9C88AE786785E2 /* [CP] Check Pods Manifest.lock */,
				147986BC218A65A10094B3DA /* Sources */,
				147986BD218A65A10094B3DA /* Frameworks */,
				147986BE218A65A10094B3DA /* Resources */,
				FD075BE9029934BCC621D191 /* [CP] Embed Pods Frameworks */,
			);
			buildRules = (
			);
			dependencies = (
			);
			name = Tutorial_RIBs_CodeGeneration;
			productName = Tutorial_RIBs_CodeGeneration;
			productReference = 147986C0218A65A10094B3DA /* Tutorial_RIBs_CodeGeneration.app */;
			productType = "com.apple.product-type.application";
		};
		147986D3218A65A30094B3DA /* Tutorial_RIBs_CodeGenerationTests */ = {
			isa = PBXNativeTarget;
			buildConfigurationList = 147986E0218A65A30094B3DA /* Build configuration list for PBXNativeTarget "Tutorial_RIBs_CodeGenerationTests" */;
			buildPhases = (
				C9921A0B99705A823989178A /* [CP] Check Pods Manifest.lock */,
				147986D0218A65A30094B3DA /* Sources */,
				147986D1218A65A30094B3DA /* Frameworks */,
				147986D2218A65A30094B3DA /* Resources */,
				C13D30260DC6E4EEBA3D0020 /* [CP] Embed Pods Frameworks */,
			);
			buildRules = (
			);
			dependencies = (
				147986D6218A65A30094B3DA /* PBXTargetDependency */,
			);
			name = Tutorial_RIBs_CodeGenerationTests;
			productName = Tutorial_RIBs_CodeGenerationTests;
			productReference = 147986D4218A65A30094B3DA /* Tutorial_RIBs_CodeGenerationTests.xctest */;
			productType = "com.apple.product-type.bundle.unit-test";
		};
/* End PBXNativeTarget section */

/* Begin PBXProject section */
		147986B8218A65A10094B3DA /* Project object */ = {
			isa = PBXProject;
			attributes = {
				LastSwiftUpdateCheck = 1000;
				LastUpgradeCheck = 1000;
				ORGANIZATIONNAME = ivanmisuno;
				TargetAttributes = {
					147986BF218A65A10094B3DA = {
						CreatedOnToolsVersion = 10.0;
					};
					147986D3218A65A30094B3DA = {
						CreatedOnToolsVersion = 10.0;
						LastSwiftMigration = 1000;
						TestTargetID = 147986BF218A65A10094B3DA;
					};
				};
			};
			buildConfigurationList = 147986BB218A65A10094B3DA /* Build configuration list for PBXProject "Tutorial_RIBs_CodeGeneration" */;
			compatibilityVersion = "Xcode 9.3";
			developmentRegion = en;
			hasScannedForEncodings = 0;
			knownRegions = (
				en,
				Base,
			);
			mainGroup = 147986B7218A65A10094B3DA;
			productRefGroup = 147986C1218A65A10094B3DA /* Products */;
			projectDirPath = "";
			projectRoot = "";
			targets = (
				147986BF218A65A10094B3DA /* Tutorial_RIBs_CodeGeneration */,
				147986D3218A65A30094B3DA /* Tutorial_RIBs_CodeGenerationTests */,
			);
		};
/* End PBXProject section */

/* Begin PBXResourcesBuildPhase section */
		147986BE218A65A10094B3DA /* Resources */ = {
			isa = PBXResourcesBuildPhase;
			buildActionMask = 2147483647;
			files = (
				147986CE218A65A30094B3DA /* LaunchScreen.storyboard in Resources */,
				147986CB218A65A30094B3DA /* Assets.xcassets in Resources */,
			);
			runOnlyForDeploymentPostprocessing = 0;
		};
		147986D2218A65A30094B3DA /* Resources */ = {
			isa = PBXResourcesBuildPhase;
			buildActionMask = 2147483647;
			files = (
			);
			runOnlyForDeploymentPostprocessing = 0;
		};
/* End PBXResourcesBuildPhase section */

/* Begin PBXShellScriptBuildPhase section */
		441266FA0B9C88AE786785E2 /* [CP] Check Pods Manifest.lock */ = {
			isa = PBXShellScriptBuildPhase;
			buildActionMask = 2147483647;
			files = (
			);
			inputFileListPaths = (
			);
			inputPaths = (
				"${PODS_PODFILE_DIR_PATH}/Podfile.lock",
				"${PODS_ROOT}/Manifest.lock",
			);
			name = "[CP] Check Pods Manifest.lock";
			outputFileListPaths = (
			);
			outputPaths = (
				"$(DERIVED_FILE_DIR)/Pods-Totorial_all-Tutorial_RIBs_CodeGeneration-checkManifestLockResult.txt",
			);
			runOnlyForDeploymentPostprocessing = 0;
			shellPath = /bin/sh;
			shellScript = "diff \"${PODS_PODFILE_DIR_PATH}/Podfile.lock\" \"${PODS_ROOT}/Manifest.lock\" > /dev/null\nif [ $? != 0 ] ; then\n    # print error to STDERR\n    echo \"error: The sandbox is not in sync with the Podfile.lock. Run 'pod install' or update your CocoaPods installation.\" >&2\n    exit 1\nfi\n# This output is used by Xcode 'outputs' to avoid re-running this script phase.\necho \"SUCCESS\" > \"${SCRIPT_OUTPUT_FILE_0}\"\n";
			showEnvVarsInLog = 0;
		};
		C13D30260DC6E4EEBA3D0020 /* [CP] Embed Pods Frameworks */ = {
			isa = PBXShellScriptBuildPhase;
			buildActionMask = 2147483647;
			files = (
			);
			inputFileListPaths = (
			);
			inputPaths = (
				"${PODS_ROOT}/Target Support Files/Pods-Totorial_all-Tutorial_RIBs_CodeGenerationTests/Pods-Totorial_all-Tutorial_RIBs_CodeGenerationTests-frameworks.sh",
				"${BUILT_PRODUCTS_DIR}/RIBs/RIBs.framework",
				"${BUILT_PRODUCTS_DIR}/RxAtomic/RxAtomic.framework",
				"${BUILT_PRODUCTS_DIR}/RxSwift/RxSwift.framework",
				"${BUILT_PRODUCTS_DIR}/SnapKit/SnapKit.framework",
				"${BUILT_PRODUCTS_DIR}/Nimble/Nimble.framework",
				"${BUILT_PRODUCTS_DIR}/Quick/Quick.framework",
				"${BUILT_PRODUCTS_DIR}/RxTest/RxTest.framework",
			);
			name = "[CP] Embed Pods Frameworks";
			outputFileListPaths = (
			);
			outputPaths = (
				"${TARGET_BUILD_DIR}/${FRAMEWORKS_FOLDER_PATH}/RIBs.framework",
				"${TARGET_BUILD_DIR}/${FRAMEWORKS_FOLDER_PATH}/RxAtomic.framework",
				"${TARGET_BUILD_DIR}/${FRAMEWORKS_FOLDER_PATH}/RxSwift.framework",
				"${TARGET_BUILD_DIR}/${FRAMEWORKS_FOLDER_PATH}/SnapKit.framework",
				"${TARGET_BUILD_DIR}/${FRAMEWORKS_FOLDER_PATH}/Nimble.framework",
				"${TARGET_BUILD_DIR}/${FRAMEWORKS_FOLDER_PATH}/Quick.framework",
				"${TARGET_BUILD_DIR}/${FRAMEWORKS_FOLDER_PATH}/RxTest.framework",
			);
			runOnlyForDeploymentPostprocessing = 0;
			shellPath = /bin/sh;
			shellScript = "\"${PODS_ROOT}/Target Support Files/Pods-Totorial_all-Tutorial_RIBs_CodeGenerationTests/Pods-Totorial_all-Tutorial_RIBs_CodeGenerationTests-frameworks.sh\"\n";
			showEnvVarsInLog = 0;
		};
		C9921A0B99705A823989178A /* [CP] Check Pods Manifest.lock */ = {
			isa = PBXShellScriptBuildPhase;
			buildActionMask = 2147483647;
			files = (
			);
			inputFileListPaths = (
			);
			inputPaths = (
				"${PODS_PODFILE_DIR_PATH}/Podfile.lock",
				"${PODS_ROOT}/Manifest.lock",
			);
			name = "[CP] Check Pods Manifest.lock";
			outputFileListPaths = (
			);
			outputPaths = (
				"$(DERIVED_FILE_DIR)/Pods-Totorial_all-Tutorial_RIBs_CodeGenerationTests-checkManifestLockResult.txt",
			);
			runOnlyForDeploymentPostprocessing = 0;
			shellPath = /bin/sh;
			shellScript = "diff \"${PODS_PODFILE_DIR_PATH}/Podfile.lock\" \"${PODS_ROOT}/Manifest.lock\" > /dev/null\nif [ $? != 0 ] ; then\n    # print error to STDERR\n    echo \"error: The sandbox is not in sync with the Podfile.lock. Run 'pod install' or update your CocoaPods installation.\" >&2\n    exit 1\nfi\n# This output is used by Xcode 'outputs' to avoid re-running this script phase.\necho \"SUCCESS\" > \"${SCRIPT_OUTPUT_FILE_0}\"\n";
			showEnvVarsInLog = 0;
		};
		FD075BE9029934BCC621D191 /* [CP] Embed Pods Frameworks */ = {
			isa = PBXShellScriptBuildPhase;
			buildActionMask = 2147483647;
			files = (
			);
			inputFileListPaths = (
			);
			inputPaths = (
				"${PODS_ROOT}/Target Support Files/Pods-Totorial_all-Tutorial_RIBs_CodeGeneration/Pods-Totorial_all-Tutorial_RIBs_CodeGeneration-frameworks.sh",
				"${BUILT_PRODUCTS_DIR}/RIBs/RIBs.framework",
				"${BUILT_PRODUCTS_DIR}/RxAtomic/RxAtomic.framework",
				"${BUILT_PRODUCTS_DIR}/RxSwift/RxSwift.framework",
				"${BUILT_PRODUCTS_DIR}/SnapKit/SnapKit.framework",
			);
			name = "[CP] Embed Pods Frameworks";
			outputFileListPaths = (
			);
			outputPaths = (
				"${TARGET_BUILD_DIR}/${FRAMEWORKS_FOLDER_PATH}/RIBs.framework",
				"${TARGET_BUILD_DIR}/${FRAMEWORKS_FOLDER_PATH}/RxAtomic.framework",
				"${TARGET_BUILD_DIR}/${FRAMEWORKS_FOLDER_PATH}/RxSwift.framework",
				"${TARGET_BUILD_DIR}/${FRAMEWORKS_FOLDER_PATH}/SnapKit.framework",
			);
			runOnlyForDeploymentPostprocessing = 0;
			shellPath = /bin/sh;
			shellScript = "\"${PODS_ROOT}/Target Support Files/Pods-Totorial_all-Tutorial_RIBs_CodeGeneration/Pods-Totorial_all-Tutorial_RIBs_CodeGeneration-frameworks.sh\"\n";
			showEnvVarsInLog = 0;
		};
/* End PBXShellScriptBuildPhase section */

/* Begin PBXSourcesBuildPhase section */
		147986BC218A65A10094B3DA /* Sources */ = {
			isa = PBXSourcesBuildPhase;
			buildActionMask = 2147483647;
			files = (
				1465EBA7218E4045007C5201 /* RootViewController.swift in Sources */,
				1465EBAF218E4FE1007C5201 /* SplashRouter.swift in Sources */,
				1465EBA6218E4045007C5201 /* RootRouter.swift in Sources */,
				1465EBB0218E4FE1007C5201 /* SplashViewController.swift in Sources */,
				1465EBA9218E4045007C5201 /* RootInteractor.swift in Sources */,
				1465EBB2218E4FE1007C5201 /* SplashInteractor.swift in Sources */,
				147986C6218A65A10094B3DA /* ViewController.swift in Sources */,
				147986C4218A65A10094B3DA /* AppDelegate.swift in Sources */,
				1407C2AF218D16380058CED8 /* RuntimeHelper.swift in Sources */,
				1465EBB1218E4FE1007C5201 /* SplashBuilder.swift in Sources */,
				1465EBA8218E4045007C5201 /* RootBuilder.swift in Sources */,
			);
			runOnlyForDeploymentPostprocessing = 0;
		};
		147986D0218A65A30094B3DA /* Sources */ = {
			isa = PBXSourcesBuildPhase;
			buildActionMask = 2147483647;
			files = (
				140EEEAC218E624B007693C7 /* SplashInteractorSpec.swift in Sources */,
				140EEEAA218E6209007693C7 /* SplashRouterSpec.swift in Sources */,
				140EEEA7218E61A5007693C7 /* RootInteractorSpec.swift in Sources */,
				1407C2B2218D16430058CED8 /* TestSpec.swift in Sources */,
				140EEEA5218E6084007693C7 /* RootRouterSpec.swift in Sources */,
			);
			runOnlyForDeploymentPostprocessing = 0;
		};
/* End PBXSourcesBuildPhase section */

/* Begin PBXTargetDependency section */
		147986D6218A65A30094B3DA /* PBXTargetDependency */ = {
			isa = PBXTargetDependency;
			target = 147986BF218A65A10094B3DA /* Tutorial_RIBs_CodeGeneration */;
			targetProxy = 147986D5218A65A30094B3DA /* PBXContainerItemProxy */;
		};
/* End PBXTargetDependency section */

/* Begin PBXVariantGroup section */
		147986CC218A65A30094B3DA /* LaunchScreen.storyboard */ = {
			isa = PBXVariantGroup;
			children = (
				147986CD218A65A30094B3DA /* Base */,
			);
			name = LaunchScreen.storyboard;
			sourceTree = "<group>";
		};
/* End PBXVariantGroup section */

/* Begin XCBuildConfiguration section */
		147986DB218A65A30094B3DA /* Debug */ = {
			isa = XCBuildConfiguration;
			buildSettings = {
				ALWAYS_SEARCH_USER_PATHS = NO;
				CLANG_ANALYZER_NONNULL = YES;
				CLANG_ANALYZER_NUMBER_OBJECT_CONVERSION = YES_AGGRESSIVE;
				CLANG_CXX_LANGUAGE_STANDARD = "gnu++14";
				CLANG_CXX_LIBRARY = "libc++";
				CLANG_ENABLE_MODULES = YES;
				CLANG_ENABLE_OBJC_ARC = YES;
				CLANG_ENABLE_OBJC_WEAK = YES;
				CLANG_WARN_BLOCK_CAPTURE_AUTORELEASING = YES;
				CLANG_WARN_BOOL_CONVERSION = YES;
				CLANG_WARN_COMMA = YES;
				CLANG_WARN_CONSTANT_CONVERSION = YES;
				CLANG_WARN_DEPRECATED_OBJC_IMPLEMENTATIONS = YES;
				CLANG_WARN_DIRECT_OBJC_ISA_USAGE = YES_ERROR;
				CLANG_WARN_DOCUMENTATION_COMMENTS = YES;
				CLANG_WARN_EMPTY_BODY = YES;
				CLANG_WARN_ENUM_CONVERSION = YES;
				CLANG_WARN_INFINITE_RECURSION = YES;
				CLANG_WARN_INT_CONVERSION = YES;
				CLANG_WARN_NON_LITERAL_NULL_CONVERSION = YES;
				CLANG_WARN_OBJC_IMPLICIT_RETAIN_SELF = YES;
				CLANG_WARN_OBJC_LITERAL_CONVERSION = YES;
				CLANG_WARN_OBJC_ROOT_CLASS = YES_ERROR;
				CLANG_WARN_RANGE_LOOP_ANALYSIS = YES;
				CLANG_WARN_STRICT_PROTOTYPES = YES;
				CLANG_WARN_SUSPICIOUS_MOVE = YES;
				CLANG_WARN_UNGUARDED_AVAILABILITY = YES_AGGRESSIVE;
				CLANG_WARN_UNREACHABLE_CODE = YES;
				CLANG_WARN__DUPLICATE_METHOD_MATCH = YES;
				CODE_SIGN_IDENTITY = "iPhone Developer";
				COPY_PHASE_STRIP = NO;
				DEBUG_INFORMATION_FORMAT = dwarf;
				ENABLE_STRICT_OBJC_MSGSEND = YES;
				ENABLE_TESTABILITY = YES;
				GCC_C_LANGUAGE_STANDARD = gnu11;
				GCC_DYNAMIC_NO_PIC = NO;
				GCC_NO_COMMON_BLOCKS = YES;
				GCC_OPTIMIZATION_LEVEL = 0;
				GCC_PREPROCESSOR_DEFINITIONS = (
					"DEBUG=1",
					"$(inherited)",
				);
				GCC_TREAT_WARNINGS_AS_ERRORS = YES;
				GCC_WARN_64_TO_32_BIT_CONVERSION = YES;
				GCC_WARN_ABOUT_RETURN_TYPE = YES_ERROR;
				GCC_WARN_UNDECLARED_SELECTOR = YES;
				GCC_WARN_UNINITIALIZED_AUTOS = YES_AGGRESSIVE;
				GCC_WARN_UNUSED_FUNCTION = YES;
				GCC_WARN_UNUSED_VARIABLE = YES;
				IPHONEOS_DEPLOYMENT_TARGET = 12.0;
				MTL_ENABLE_DEBUG_INFO = INCLUDE_SOURCE;
				MTL_FAST_MATH = YES;
				ONLY_ACTIVE_ARCH = YES;
				SDKROOT = iphoneos;
				SWIFT_ACTIVE_COMPILATION_CONDITIONS = DEBUG;
				SWIFT_OPTIMIZATION_LEVEL = "-Onone";
				SWIFT_TREAT_WARNINGS_AS_ERRORS = YES;
			};
			name = Debug;
		};
		147986DC218A65A30094B3DA /* Release */ = {
			isa = XCBuildConfiguration;
			buildSettings = {
				ALWAYS_SEARCH_USER_PATHS = NO;
				CLANG_ANALYZER_NONNULL = YES;
				CLANG_ANALYZER_NUMBER_OBJECT_CONVERSION = YES_AGGRESSIVE;
				CLANG_CXX_LANGUAGE_STANDARD = "gnu++14";
				CLANG_CXX_LIBRARY = "libc++";
				CLANG_ENABLE_MODULES = YES;
				CLANG_ENABLE_OBJC_ARC = YES;
				CLANG_ENABLE_OBJC_WEAK = YES;
				CLANG_WARN_BLOCK_CAPTURE_AUTORELEASING = YES;
				CLANG_WARN_BOOL_CONVERSION = YES;
				CLANG_WARN_COMMA = YES;
				CLANG_WARN_CONSTANT_CONVERSION = YES;
				CLANG_WARN_DEPRECATED_OBJC_IMPLEMENTATIONS = YES;
				CLANG_WARN_DIRECT_OBJC_ISA_USAGE = YES_ERROR;
				CLANG_WARN_DOCUMENTATION_COMMENTS = YES;
				CLANG_WARN_EMPTY_BODY = YES;
				CLANG_WARN_ENUM_CONVERSION = YES;
				CLANG_WARN_INFINITE_RECURSION = YES;
				CLANG_WARN_INT_CONVERSION = YES;
				CLANG_WARN_NON_LITERAL_NULL_CONVERSION = YES;
				CLANG_WARN_OBJC_IMPLICIT_RETAIN_SELF = YES;
				CLANG_WARN_OBJC_LITERAL_CONVERSION = YES;
				CLANG_WARN_OBJC_ROOT_CLASS = YES_ERROR;
				CLANG_WARN_RANGE_LOOP_ANALYSIS = YES;
				CLANG_WARN_STRICT_PROTOTYPES = YES;
				CLANG_WARN_SUSPICIOUS_MOVE = YES;
				CLANG_WARN_UNGUARDED_AVAILABILITY = YES_AGGRESSIVE;
				CLANG_WARN_UNREACHABLE_CODE = YES;
				CLANG_WARN__DUPLICATE_METHOD_MATCH = YES;
				CODE_SIGN_IDENTITY = "iPhone Developer";
				COPY_PHASE_STRIP = NO;
				DEBUG_INFORMATION_FORMAT = "dwarf-with-dsym";
				ENABLE_NS_ASSERTIONS = NO;
				ENABLE_STRICT_OBJC_MSGSEND = YES;
				GCC_C_LANGUAGE_STANDARD = gnu11;
				GCC_NO_COMMON_BLOCKS = YES;
				GCC_TREAT_WARNINGS_AS_ERRORS = YES;
				GCC_WARN_64_TO_32_BIT_CONVERSION = YES;
				GCC_WARN_ABOUT_RETURN_TYPE = YES_ERROR;
				GCC_WARN_UNDECLARED_SELECTOR = YES;
				GCC_WARN_UNINITIALIZED_AUTOS = YES_AGGRESSIVE;
				GCC_WARN_UNUSED_FUNCTION = YES;
				GCC_WARN_UNUSED_VARIABLE = YES;
				IPHONEOS_DEPLOYMENT_TARGET = 12.0;
				MTL_ENABLE_DEBUG_INFO = NO;
				MTL_FAST_MATH = YES;
				SDKROOT = iphoneos;
				SWIFT_COMPILATION_MODE = wholemodule;
				SWIFT_OPTIMIZATION_LEVEL = "-O";
				SWIFT_TREAT_WARNINGS_AS_ERRORS = YES;
				VALIDATE_PRODUCT = YES;
			};
			name = Release;
		};
		147986DE218A65A30094B3DA /* Debug */ = {
			isa = XCBuildConfiguration;
			baseConfigurationReference = CA345E159A268E289D6F235F /* Pods-Totorial_all-Tutorial_RIBs_CodeGeneration.debug.xcconfig */;
			buildSettings = {
				ASSETCATALOG_COMPILER_APPICON_NAME = AppIcon;
				CODE_SIGN_STYLE = Automatic;
				INFOPLIST_FILE = Tutorial_RIBs_CodeGeneration/Info.plist;
				LD_RUNPATH_SEARCH_PATHS = (
					"$(inherited)",
					"@executable_path/Frameworks",
				);
				PRODUCT_BUNDLE_IDENTIFIER = "com.ivanmisuno.Tutorial-RIBs-CodeGeneration";
				PRODUCT_NAME = "$(TARGET_NAME)";
				SWIFT_VERSION = 4.2;
				TARGETED_DEVICE_FAMILY = "1,2";
			};
			name = Debug;
		};
		147986DF218A65A30094B3DA /* Release */ = {
			isa = XCBuildConfiguration;
			baseConfigurationReference = BEE0577310E663D59E493C16 /* Pods-Totorial_all-Tutorial_RIBs_CodeGeneration.release.xcconfig */;
			buildSettings = {
				ASSETCATALOG_COMPILER_APPICON_NAME = AppIcon;
				CODE_SIGN_STYLE = Automatic;
				INFOPLIST_FILE = Tutorial_RIBs_CodeGeneration/Info.plist;
				LD_RUNPATH_SEARCH_PATHS = (
					"$(inherited)",
					"@executable_path/Frameworks",
				);
				PRODUCT_BUNDLE_IDENTIFIER = "com.ivanmisuno.Tutorial-RIBs-CodeGeneration";
				PRODUCT_NAME = "$(TARGET_NAME)";
				SWIFT_VERSION = 4.2;
				TARGETED_DEVICE_FAMILY = "1,2";
			};
			name = Release;
		};
		147986E1218A65A30094B3DA /* Debug */ = {
			isa = XCBuildConfiguration;
			baseConfigurationReference = B3AE818D5765C64D0318EA76 /* Pods-Totorial_all-Tutorial_RIBs_CodeGenerationTests.debug.xcconfig */;
			buildSettings = {
				BUNDLE_LOADER = "$(TEST_HOST)";
				CLANG_ENABLE_MODULES = YES;
				CODE_SIGN_STYLE = Automatic;
				INFOPLIST_FILE = Tutorial_RIBs_CodeGenerationTests/Info.plist;
				LD_RUNPATH_SEARCH_PATHS = (
					"$(inherited)",
					"@executable_path/Frameworks",
					"@loader_path/Frameworks",
				);
				PRODUCT_BUNDLE_IDENTIFIER = "com.ivanmisuno.Tutorial-RIBs-CodeGenerationTests";
				PRODUCT_NAME = "$(TARGET_NAME)";
				SWIFT_OPTIMIZATION_LEVEL = "-Onone";
				SWIFT_VERSION = 4.2;
				TARGETED_DEVICE_FAMILY = "1,2";
				TEST_HOST = "$(BUILT_PRODUCTS_DIR)/Tutorial_RIBs_CodeGeneration.app/Tutorial_RIBs_CodeGeneration";
			};
			name = Debug;
		};
		147986E2218A65A30094B3DA /* Release */ = {
			isa = XCBuildConfiguration;
			baseConfigurationReference = 1A571AF23699E66233F73483 /* Pods-Totorial_all-Tutorial_RIBs_CodeGenerationTests.release.xcconfig */;
			buildSettings = {
				BUNDLE_LOADER = "$(TEST_HOST)";
				CLANG_ENABLE_MODULES = YES;
				CODE_SIGN_STYLE = Automatic;
				INFOPLIST_FILE = Tutorial_RIBs_CodeGenerationTests/Info.plist;
				LD_RUNPATH_SEARCH_PATHS = (
					"$(inherited)",
					"@executable_path/Frameworks",
					"@loader_path/Frameworks",
				);
				PRODUCT_BUNDLE_IDENTIFIER = "com.ivanmisuno.Tutorial-RIBs-CodeGenerationTests";
				PRODUCT_NAME = "$(TARGET_NAME)";
				SWIFT_VERSION = 4.2;
				TARGETED_DEVICE_FAMILY = "1,2";
				TEST_HOST = "$(BUILT_PRODUCTS_DIR)/Tutorial_RIBs_CodeGeneration.app/Tutorial_RIBs_CodeGeneration";
			};
			name = Release;
		};
/* End XCBuildConfiguration section */

/* Begin XCConfigurationList section */
		147986BB218A65A10094B3DA /* Build configuration list for PBXProject "Tutorial_RIBs_CodeGeneration" */ = {
			isa = XCConfigurationList;
			buildConfigurations = (
				147986DB218A65A30094B3DA /* Debug */,
				147986DC218A65A30094B3DA /* Release */,
			);
			defaultConfigurationIsVisible = 0;
			defaultConfigurationName = Release;
		};
		147986DD218A65A30094B3DA /* Build configuration list for PBXNativeTarget "Tutorial_RIBs_CodeGeneration" */ = {
			isa = XCConfigurationList;
			buildConfigurations = (
				147986DE218A65A30094B3DA /* Debug */,
				147986DF218A65A30094B3DA /* Release */,
			);
			defaultConfigurationIsVisible = 0;
			defaultConfigurationName = Release;
		};
		147986E0218A65A30094B3DA /* Build configuration list for PBXNativeTarget "Tutorial_RIBs_CodeGenerationTests" */ = {
			isa = XCConfigurationList;
			buildConfigurations = (
				147986E1218A65A30094B3DA /* Debug */,
				147986E2218A65A30094B3DA /* Release */,
			);
			defaultConfigurationIsVisible = 0;
			defaultConfigurationName = Release;
		};
/* End XCConfigurationList section */
	};
	rootObject = 147986B8218A65A10094B3DA /* Project object */;
}
